
Microsoft Visual Studio Solution File, Format Version 12.00
# Visual Studio Version 16
VisualStudioVersion = 16.0.29911.84
MinimumVisualStudioVersion = 10.0.40219.1
Project("{FAE04EC0-301F-11D3-BF4B-00C04F79EFBC}") = "Pianola-Sheet-Converter", "Pianola-Sheet-Converter\Pianola-Sheet-Converter.csproj", "{1CEC8349-0246-4807-B801-1D6645800178}"
EndProject
Global
	GlobalSection(SolutionConfigurationPlatforms) = preSolution
		Debug|Any CPU = Debug|Any CPU
		Release|Any CPU = Release|Any CPU
	EndGlobalSection
	GlobalSection(ProjectConfigurationPlatforms) = postSolution
		{1CEC8349-0246-4807-B801-1D6645800178}.Debug|Any CPU.ActiveCfg = Debug|Any CPU
		{1CEC8349-0246-4807-B801-1D6645800178}.Debug|Any CPU.Build.0 = Debug|Any CPU
		{1CEC8349-0246-4807-B801-1D6645800178}.Release|Any CPU.ActiveCfg = Release|Any CPU
		{1CEC8349-0246-4807-B801-1D6645800178}.Release|Any CPU.Build.0 = Release|Any CPU
	EndGlobalSection
	GlobalSection(SolutionProperties) = preSolution
		HideSolutionNode = FALSE
	EndGlobalSection
	GlobalSection(ExtensibilityGlobals) = postSolution
		SolutionGuid = {4971582B-BA18-4288-B0AC-1ED358DF094E}
	EndGlobalSection
EndGlobal
